
Microsoft Visual Studio Solution File, Format Version 12.00
# Visual Studio Version 17
VisualStudioVersion = 17.9.34902.65
MinimumVisualStudioVersion = 10.0.40219.1
Project("{FAE04EC0-301F-11D3-BF4B-00C04F79EFBC}") = "MyLibrary.MVC", "MyLibrary.MVC\MyLibrary.MVC.csproj", "{B03122D9-69B2-4C29-85C3-0FFA5486536B}"
EndProject
Global
	GlobalSection(SolutionConfigurationPlatforms) = preSolution
		Debug|Any CPU = Debug|Any CPU
		Release|Any CPU = Release|Any CPU
	EndGlobalSection
	GlobalSection(ProjectConfigurationPlatforms) = postSolution
		{B03122D9-69B2-4C29-85C3-0FFA5486536B}.Debug|Any CPU.ActiveCfg = Debug|Any CPU
		{B03122D9-69B2-4C29-85C3-0FFA5486536B}.Debug|Any CPU.Build.0 = Debug|Any CPU
		{B03122D9-69B2-4C29-85C3-0FFA5486536B}.Release|Any CPU.ActiveCfg = Release|Any CPU
		{B03122D9-69B2-4C29-85C3-0FFA5486536B}.Release|Any CPU.Build.0 = Release|Any CPU
	EndGlobalSection
	GlobalSection(SolutionProperties) = preSolution
		HideSolutionNode = FALSE
	EndGlobalSection
	GlobalSection(ExtensibilityGlobals) = postSolution
		SolutionGuid = {1F2C3EA1-A91C-47EF-8395-4F8904B4643A}
	EndGlobalSection
EndGlobal
